// !$*UTF8*$!
{
	archiveVersion = 1;
	classes = {
	};
	objectVersion = 45;
	objects = {

/* Begin PBXBuildFile section */
		6D02C02A13B39F1C0013601A /* Line.h in Headers */ = {isa = PBXBuildFile; fileRef = 6D02C02813B39F1C0013601A /* Line.h */; };
		6D02C02B13B39F1C0013601A /* Line.cpp in Sources */ = {isa = PBXBuildFile; fileRef = 6D02C02913B39F1C0013601A /* Line.cpp */; };
		6D33B3B11307A280006EE9DD /* Waveshaper.h in Headers */ = {isa = PBXBuildFile; fileRef = 6D33B3AF1307A280006EE9DD /* Waveshaper.h */; };
		6D33B3B21307A280006EE9DD /* Waveshaper.cpp in Sources */ = {isa = PBXBuildFile; fileRef = 6D33B3B01307A280006EE9DD /* Waveshaper.cpp */; };
		6D6A9B3711432ED9003B59BA /* TouchServiceProvider.h in Headers */ = {isa = PBXBuildFile; fileRef = 6D6A9B3511432ED9003B59BA /* TouchServiceProvider.h */; };
		6D6A9B3811432ED9003B59BA /* TouchServiceProvider.mm in Sources */ = {isa = PBXBuildFile; fileRef = 6D6A9B3611432ED9003B59BA /* TouchServiceProvider.mm */; };
		6D7F100F13ACFED000F63D98 /* Sampler.h in Headers */ = {isa = PBXBuildFile; fileRef = 6D7F100D13ACFED000F63D98 /* Sampler.h */; };
		6D7F101013ACFED000F63D98 /* Sampler.cpp in Sources */ = {isa = PBXBuildFile; fileRef = 6D7F100E13ACFED000F63D98 /* Sampler.cpp */; };
		6D82014B11448761009404CA /* TouchAudioOut.h in Headers */ = {isa = PBXBuildFile; fileRef = 6D82014911448761009404CA /* TouchAudioOut.h */; };
		6D82014C11448761009404CA /* TouchAudioOut.mm in Sources */ = {isa = PBXBuildFile; fileRef = 6D82014A11448761009404CA /* TouchAudioOut.mm */; };
		6D8201E711449A7F009404CA /* Noise.h in Headers */ = {isa = PBXBuildFile; fileRef = 6D8201E511449A7F009404CA /* Noise.h */; };
		6D8201E811449A7F009404CA /* Noise.cpp in Sources */ = {isa = PBXBuildFile; fileRef = 6D8201E611449A7F009404CA /* Noise.cpp */; };
		6D8E21161165937B003ACAC5 /* CodeTimer.h in Headers */ = {isa = PBXBuildFile; fileRef = 6D8E21151165937B003ACAC5 /* CodeTimer.h */; };
		6D91D15A12A0481800B42F24 /* TouchAudioFormat.h in Headers */ = {isa = PBXBuildFile; fileRef = 6D91D15912A0481800B42F24 /* TouchAudioFormat.h */; };
		6D946E1013B57326007C4C85 /* CASampleRecorder.mm in Sources */ = {isa = PBXBuildFile; fileRef = 6D946E0E13B57326007C4C85 /* CASampleRecorder.mm */; };
		6D946E1113B57326007C4C85 /* CASampleRecorder.h in Headers */ = {isa = PBXBuildFile; fileRef = 6D946E0F13B57326007C4C85 /* CASampleRecorder.h */; };
		6D966069113F756E0096AB83 /* AudioFormat.h in Headers */ = {isa = PBXBuildFile; fileRef = 6D966052113F756E0096AB83 /* AudioFormat.h */; };
		6D96606A113F756E0096AB83 /* AudioOutput.cpp in Sources */ = {isa = PBXBuildFile; fileRef = 6D966053113F756E0096AB83 /* AudioOutput.cpp */; };
		6D96606B113F756E0096AB83 /* AudioOutput.h in Headers */ = {isa = PBXBuildFile; fileRef = 6D966054113F756E0096AB83 /* AudioOutput.h */; };
		6D96606C113F756E0096AB83 /* AudioSource.cpp in Sources */ = {isa = PBXBuildFile; fileRef = 6D966055113F756E0096AB83 /* AudioSource.cpp */; };
		6D96606D113F756E0096AB83 /* AudioSource.h in Headers */ = {isa = PBXBuildFile; fileRef = 6D966056113F756E0096AB83 /* AudioSource.h */; };
		6D96606E113F756E0096AB83 /* AudioSystem.cpp in Sources */ = {isa = PBXBuildFile; fileRef = 6D966057113F756E0096AB83 /* AudioSystem.cpp */; };
		6D96606F113F756E0096AB83 /* AudioSystem.h in Headers */ = {isa = PBXBuildFile; fileRef = 6D966058113F756E0096AB83 /* AudioSystem.h */; };
		6D966070113F756E0096AB83 /* AudioListener.h in Headers */ = {isa = PBXBuildFile; fileRef = 6D96605A113F756E0096AB83 /* AudioListener.h */; };
		6D966071113F756E0096AB83 /* AudioMetaData.h in Headers */ = {isa = PBXBuildFile; fileRef = 6D96605B113F756E0096AB83 /* AudioMetaData.h */; };
		6D966072113F756E0096AB83 /* AudioOut.h in Headers */ = {isa = PBXBuildFile; fileRef = 6D96605C113F756E0096AB83 /* AudioOut.h */; };
		6D966073113F756E0096AB83 /* AudioRecordingStream.h in Headers */ = {isa = PBXBuildFile; fileRef = 6D96605D113F756E0096AB83 /* AudioRecordingStream.h */; };
		6D966074113F756E0096AB83 /* AudioResource.h in Headers */ = {isa = PBXBuildFile; fileRef = 6D96605E113F756E0096AB83 /* AudioResource.h */; };
		6D966075113F756E0096AB83 /* AudioStream.h in Headers */ = {isa = PBXBuildFile; fileRef = 6D96605F113F756E0096AB83 /* AudioStream.h */; };
		6D966076113F756E0096AB83 /* SampleRecorder.h in Headers */ = {isa = PBXBuildFile; fileRef = 6D966060113F756E0096AB83 /* SampleRecorder.h */; };
		6D966077113F756E0096AB83 /* ServiceProvider.h in Headers */ = {isa = PBXBuildFile; fileRef = 6D966061113F756E0096AB83 /* ServiceProvider.h */; };
		6D966078113F756E0096AB83 /* MultiChannelBuffer.cpp in Sources */ = {isa = PBXBuildFile; fileRef = 6D966062113F756E0096AB83 /* MultiChannelBuffer.cpp */; };
		6D966079113F756E0096AB83 /* MultiChannelBuffer.h in Headers */ = {isa = PBXBuildFile; fileRef = 6D966063113F756E0096AB83 /* MultiChannelBuffer.h */; };
		6D96607A113F756E0096AB83 /* Summer.cpp in Sources */ = {isa = PBXBuildFile; fileRef = 6D966065113F756E0096AB83 /* Summer.cpp */; };
		6D96607B113F756E0096AB83 /* Summer.h in Headers */ = {isa = PBXBuildFile; fileRef = 6D966066113F756E0096AB83 /* Summer.h */; };
		6D96607C113F756E0096AB83 /* UGen.cpp in Sources */ = {isa = PBXBuildFile; fileRef = 6D966067113F756E0096AB83 /* UGen.cpp */; };
		6D96607D113F756E0096AB83 /* UGen.h in Headers */ = {isa = PBXBuildFile; fileRef = 6D966068113F756E0096AB83 /* UGen.h */; };
		6DA349A11151B697001B394C /* Multiplier.h in Headers */ = {isa = PBXBuildFile; fileRef = 6DA3499F1151B697001B394C /* Multiplier.h */; };
		6DA349A21151B697001B394C /* Multiplier.cpp in Sources */ = {isa = PBXBuildFile; fileRef = 6DA349A01151B697001B394C /* Multiplier.cpp */; };
		6DAA3DE71155699A0095F300 /* AudioUnit.framework in Frameworks */ = {isa = PBXBuildFile; fileRef = 6DAA3DE61155699A0095F300 /* AudioUnit.framework */; };
		6DAA3E2411556D160095F300 /* AudioToolbox.framework in Frameworks */ = {isa = PBXBuildFile; fileRef = 6DAA3E2311556D160095F300 /* AudioToolbox.framework */; };
		6DAFF2B611CDCD56007CD1AA /* NoteManager.h in Headers */ = {isa = PBXBuildFile; fileRef = 6DAFF2B411CDCD56007CD1AA /* NoteManager.h */; };
		6DAFF2B711CDCD56007CD1AA /* NoteManager.cpp in Sources */ = {isa = PBXBuildFile; fileRef = 6DAFF2B511CDCD56007CD1AA /* NoteManager.cpp */; };
		6DAFF2C311CDD407007CD1AA /* Instrument.h in Headers */ = {isa = PBXBuildFile; fileRef = 6DAFF2C211CDD407007CD1AA /* Instrument.h */; };
		6DC7CE4512ED05A400513240 /* TickRate.h in Headers */ = {isa = PBXBuildFile; fileRef = 6DC7CE4312ED05A400513240 /* TickRate.h */; };
		6DC7CE4612ED05A400513240 /* TickRate.cpp in Sources */ = {isa = PBXBuildFile; fileRef = 6DC7CE4412ED05A400513240 /* TickRate.cpp */; };
		6DCC14341145BC2500727A0A /* Frequency.h in Headers */ = {isa = PBXBuildFile; fileRef = 6DCC14321145BC2500727A0A /* Frequency.h */; };
		6DCC14351145BC2500727A0A /* Frequency.cpp in Sources */ = {isa = PBXBuildFile; fileRef = 6DCC14331145BC2500727A0A /* Frequency.cpp */; };
		6DCC14421145BE5F00727A0A /* Waveform.h in Headers */ = {isa = PBXBuildFile; fileRef = 6DCC14411145BE5F00727A0A /* Waveform.h */; };
		6DCC14451145BF0A00727A0A /* Oscil.h in Headers */ = {isa = PBXBuildFile; fileRef = 6DCC14431145BF0A00727A0A /* Oscil.h */; };
		6DCC14461145BF0A00727A0A /* Oscil.cpp in Sources */ = {isa = PBXBuildFile; fileRef = 6DCC14441145BF0A00727A0A /* Oscil.cpp */; };
		6DCC146D1145C6E400727A0A /* Wavetable.h in Headers */ = {isa = PBXBuildFile; fileRef = 6DCC146B1145C6E400727A0A /* Wavetable.h */; };
		6DCC146E1145C6E400727A0A /* Wavetable.cpp in Sources */ = {isa = PBXBuildFile; fileRef = 6DCC146C1145C6E400727A0A /* Wavetable.cpp */; };
		6DCC148F1145CD4600727A0A /* Waves.h in Headers */ = {isa = PBXBuildFile; fileRef = 6DCC148D1145CD4600727A0A /* Waves.h */; };
		6DCC14901145CD4600727A0A /* Waves.cpp in Sources */ = {isa = PBXBuildFile; fileRef = 6DCC148E1145CD4600727A0A /* Waves.cpp */; };
		6DE5002D129F61CB00BF2732 /* CAMath.h in Headers */ = {isa = PBXBuildFile; fileRef = 6DE5002C129F61CB00BF2732 /* CAMath.h */; };
		6DE50032129F63DD00BF2732 /* FilePlayer.h in Headers */ = {isa = PBXBuildFile; fileRef = 6DE50030129F63DD00BF2732 /* FilePlayer.h */; };
		6DE50033129F63DD00BF2732 /* FilePlayer.cpp in Sources */ = {isa = PBXBuildFile; fileRef = 6DE50031129F63DD00BF2732 /* FilePlayer.cpp */; };
		6DE5FFDE129EE69E00BF2732 /* TouchAudioRecordingStream.h in Headers */ = {isa = PBXBuildFile; fileRef = 6DE5FFDD129EE69E00BF2732 /* TouchAudioRecordingStream.h */; };
		6DE5FFF6129EF08300BF2732 /* TouchAudioRecordingStream.mm in Sources */ = {isa = PBXBuildFile; fileRef = 6DE5FFF5129EF08300BF2732 /* TouchAudioRecordingStream.mm */; };
		6DE5FFFA129F56EE00BF2732 /* CAStreamBasicDescription.cpp in Sources */ = {isa = PBXBuildFile; fileRef = 6DE5FFF8129F56EE00BF2732 /* CAStreamBasicDescription.cpp */; };
		6DE5FFFB129F56EE00BF2732 /* CAStreamBasicDescription.h in Headers */ = {isa = PBXBuildFile; fileRef = 6DE5FFF9129F56EE00BF2732 /* CAStreamBasicDescription.h */; };
		6DE5FFFF129F5E3C00BF2732 /* CADebugMacros.h in Headers */ = {isa = PBXBuildFile; fileRef = 6DE5FFFE129F5E3C00BF2732 /* CADebugMacros.h */; };
		AA747D9F0F9514B9006C5449 /* MinimTouch_Prefix.pch in Headers */ = {isa = PBXBuildFile; fileRef = AA747D9E0F9514B9006C5449 /* MinimTouch_Prefix.pch */; };
		AACBBE4A0F95108600F1A2B1 /* Foundation.framework in Frameworks */ = {isa = PBXBuildFile; fileRef = AACBBE490F95108600F1A2B1 /* Foundation.framework */; };
/* End PBXBuildFile section */

/* Begin PBXFileReference section */
		6D02C02813B39F1C0013601A /* Line.h */ = {isa = PBXFileReference; fileEncoding = 4; lastKnownFileType = sourcecode.c.h; path = Line.h; sourceTree = "<group>"; };
		6D02C02913B39F1C0013601A /* Line.cpp */ = {isa = PBXFileReference; fileEncoding = 4; lastKnownFileType = sourcecode.cpp.cpp; path = Line.cpp; sourceTree = "<group>"; };
		6D33B3AF1307A280006EE9DD /* Waveshaper.h */ = {isa = PBXFileReference; fileEncoding = 4; lastKnownFileType = sourcecode.c.h; path = Waveshaper.h; sourceTree = "<group>"; };
		6D33B3B01307A280006EE9DD /* Waveshaper.cpp */ = {isa = PBXFileReference; fileEncoding = 4; lastKnownFileType = sourcecode.cpp.cpp; path = Waveshaper.cpp; sourceTree = "<group>"; };
		6D6A9B3511432ED9003B59BA /* TouchServiceProvider.h */ = {isa = PBXFileReference; fileEncoding = 4; lastKnownFileType = sourcecode.c.h; name = TouchServiceProvider.h; path = ../src/mac/TouchServiceProvider.h; sourceTree = SOURCE_ROOT; };
		6D6A9B3611432ED9003B59BA /* TouchServiceProvider.mm */ = {isa = PBXFileReference; fileEncoding = 4; lastKnownFileType = sourcecode.cpp.objcpp; name = TouchServiceProvider.mm; path = ../src/mac/TouchServiceProvider.mm; sourceTree = SOURCE_ROOT; };
		6D7F100D13ACFED000F63D98 /* Sampler.h */ = {isa = PBXFileReference; fileEncoding = 4; lastKnownFileType = sourcecode.c.h; path = Sampler.h; sourceTree = "<group>"; };
		6D7F100E13ACFED000F63D98 /* Sampler.cpp */ = {isa = PBXFileReference; fileEncoding = 4; lastKnownFileType = sourcecode.cpp.cpp; path = Sampler.cpp; sourceTree = "<group>"; };
		6D82014911448761009404CA /* TouchAudioOut.h */ = {isa = PBXFileReference; fileEncoding = 4; lastKnownFileType = sourcecode.c.h; name = TouchAudioOut.h; path = ../src/mac/TouchAudioOut.h; sourceTree = SOURCE_ROOT; };
		6D82014A11448761009404CA /* TouchAudioOut.mm */ = {isa = PBXFileReference; fileEncoding = 4; lastKnownFileType = sourcecode.cpp.objcpp; name = TouchAudioOut.mm; path = ../src/mac/TouchAudioOut.mm; sourceTree = SOURCE_ROOT; };
		6D8201E511449A7F009404CA /* Noise.h */ = {isa = PBXFileReference; fileEncoding = 4; lastKnownFileType = sourcecode.c.h; path = Noise.h; sourceTree = "<group>"; };
		6D8201E611449A7F009404CA /* Noise.cpp */ = {isa = PBXFileReference; fileEncoding = 4; lastKnownFileType = sourcecode.cpp.cpp; path = Noise.cpp; sourceTree = "<group>"; };
		6D8E21151165937B003ACAC5 /* CodeTimer.h */ = {isa = PBXFileReference; fileEncoding = 4; lastKnownFileType = sourcecode.c.h; name = CodeTimer.h; path = ../src/CodeTimer.h; sourceTree = "<group>"; };
		6D91D15912A0481800B42F24 /* TouchAudioFormat.h */ = {isa = PBXFileReference; fileEncoding = 4; lastKnownFileType = sourcecode.c.h; name = TouchAudioFormat.h; path = ../src/mac/TouchAudioFormat.h; sourceTree = SOURCE_ROOT; };
		6D946E0E13B57326007C4C85 /* CASampleRecorder.mm */ = {isa = PBXFileReference; fileEncoding = 4; lastKnownFileType = sourcecode.cpp.objcpp; name = CASampleRecorder.mm; path = ../src/mac/CASampleRecorder.mm; sourceTree = SOURCE_ROOT; };
		6D946E0F13B57326007C4C85 /* CASampleRecorder.h */ = {isa = PBXFileReference; fileEncoding = 4; lastKnownFileType = sourcecode.c.h; name = CASampleRecorder.h; path = ../src/mac/CASampleRecorder.h; sourceTree = SOURCE_ROOT; };
		6D966052113F756E0096AB83 /* AudioFormat.h */ = {isa = PBXFileReference; fileEncoding = 4; lastKnownFileType = sourcecode.c.h; name = AudioFormat.h; path = ../src/AudioFormat.h; sourceTree = SOURCE_ROOT; };
		6D966053113F756E0096AB83 /* AudioOutput.cpp */ = {isa = PBXFileReference; fileEncoding = 4; lastKnownFileType = sourcecode.cpp.cpp; name = AudioOutput.cpp; path = ../src/AudioOutput.cpp; sourceTree = SOURCE_ROOT; };
		6D966054113F756E0096AB83 /* AudioOutput.h */ = {isa = PBXFileReference; fileEncoding = 4; lastKnownFileType = sourcecode.c.h; name = AudioOutput.h; path = ../src/AudioOutput.h; sourceTree = SOURCE_ROOT; };
		6D966055113F756E0096AB83 /* AudioSource.cpp */ = {isa = PBXFileReference; fileEncoding = 4; lastKnownFileType = sourcecode.cpp.cpp; name = AudioSource.cpp; path = ../src/AudioSource.cpp; sourceTree = SOURCE_ROOT; };
		6D966056113F756E0096AB83 /* AudioSource.h */ = {isa = PBXFileReference; fileEncoding = 4; lastKnownFileType = sourcecode.c.h; name = AudioSource.h; path = ../src/AudioSource.h; sourceTree = SOURCE_ROOT; };
		6D966057113F756E0096AB83 /* AudioSystem.cpp */ = {isa = PBXFileReference; fileEncoding = 4; lastKnownFileType = sourcecode.cpp.cpp; name = AudioSystem.cpp; path = ../src/AudioSystem.cpp; sourceTree = SOURCE_ROOT; };
		6D966058113F756E0096AB83 /* AudioSystem.h */ = {isa = PBXFileReference; fileEncoding = 4; lastKnownFileType = sourcecode.c.h; name = AudioSystem.h; path = ../src/AudioSystem.h; sourceTree = SOURCE_ROOT; };
		6D96605A113F756E0096AB83 /* AudioListener.h */ = {isa = PBXFileReference; fileEncoding = 4; lastKnownFileType = sourcecode.c.h; name = AudioListener.h; path = ../src/interfaces/AudioListener.h; sourceTree = SOURCE_ROOT; };
		6D96605B113F756E0096AB83 /* AudioMetaData.h */ = {isa = PBXFileReference; fileEncoding = 4; lastKnownFileType = sourcecode.c.h; name = AudioMetaData.h; path = ../src/interfaces/AudioMetaData.h; sourceTree = SOURCE_ROOT; };
		6D96605C113F756E0096AB83 /* AudioOut.h */ = {isa = PBXFileReference; fileEncoding = 4; lastKnownFileType = sourcecode.c.h; name = AudioOut.h; path = ../src/interfaces/AudioOut.h; sourceTree = SOURCE_ROOT; };
		6D96605D113F756E0096AB83 /* AudioRecordingStream.h */ = {isa = PBXFileReference; fileEncoding = 4; lastKnownFileType = sourcecode.c.h; name = AudioRecordingStream.h; path = ../src/interfaces/AudioRecordingStream.h; sourceTree = SOURCE_ROOT; };
		6D96605E113F756E0096AB83 /* AudioResource.h */ = {isa = PBXFileReference; fileEncoding = 4; lastKnownFileType = sourcecode.c.h; name = AudioResource.h; path = ../src/interfaces/AudioResource.h; sourceTree = SOURCE_ROOT; };
		6D96605F113F756E0096AB83 /* AudioStream.h */ = {isa = PBXFileReference; fileEncoding = 4; lastKnownFileType = sourcecode.c.h; name = AudioStream.h; path = ../src/interfaces/AudioStream.h; sourceTree = SOURCE_ROOT; };
		6D966060113F756E0096AB83 /* SampleRecorder.h */ = {isa = PBXFileReference; fileEncoding = 4; lastKnownFileType = sourcecode.c.h; path = SampleRecorder.h; sourceTree = "<group>"; };
		6D966061113F756E0096AB83 /* ServiceProvider.h */ = {isa = PBXFileReference; fileEncoding = 4; lastKnownFileType = sourcecode.c.h; name = ServiceProvider.h; path = ../src/interfaces/ServiceProvider.h; sourceTree = SOURCE_ROOT; };
		6D966062113F756E0096AB83 /* MultiChannelBuffer.cpp */ = {isa = PBXFileReference; fileEncoding = 4; lastKnownFileType = sourcecode.cpp.cpp; name = MultiChannelBuffer.cpp; path = ../src/MultiChannelBuffer.cpp; sourceTree = SOURCE_ROOT; };
		6D966063113F756E0096AB83 /* MultiChannelBuffer.h */ = {isa = PBXFileReference; fileEncoding = 4; lastKnownFileType = sourcecode.c.h; name = MultiChannelBuffer.h; path = ../src/MultiChannelBuffer.h; sourceTree = SOURCE_ROOT; };
		6D966065113F756E0096AB83 /* Summer.cpp */ = {isa = PBXFileReference; fileEncoding = 4; lastKnownFileType = sourcecode.cpp.cpp; path = Summer.cpp; sourceTree = "<group>"; };
		6D966066113F756E0096AB83 /* Summer.h */ = {isa = PBXFileReference; fileEncoding = 4; lastKnownFileType = sourcecode.c.h; name = Summer.h; path = ../src/ugens/Summer.h; sourceTree = SOURCE_ROOT; };
		6D966067113F756E0096AB83 /* UGen.cpp */ = {isa = PBXFileReference; fileEncoding = 4; lastKnownFileType = sourcecode.cpp.cpp; name = UGen.cpp; path = ../src/ugens/UGen.cpp; sourceTree = SOURCE_ROOT; };
		6D966068113F756E0096AB83 /* UGen.h */ = {isa = PBXFileReference; fileEncoding = 4; lastKnownFileType = sourcecode.c.h; name = UGen.h; path = ../src/ugens/UGen.h; sourceTree = SOURCE_ROOT; };
		6DA3499F1151B697001B394C /* Multiplier.h */ = {isa = PBXFileReference; fileEncoding = 4; lastKnownFileType = sourcecode.c.h; path = Multiplier.h; sourceTree = "<group>"; };
		6DA349A01151B697001B394C /* Multiplier.cpp */ = {isa = PBXFileReference; fileEncoding = 4; lastKnownFileType = sourcecode.cpp.cpp; path = Multiplier.cpp; sourceTree = "<group>"; };
		6DAA3DE61155699A0095F300 /* AudioUnit.framework */ = {isa = PBXFileReference; lastKnownFileType = wrapper.framework; name = AudioUnit.framework; path = System/Library/Frameworks/AudioUnit.framework; sourceTree = SDKROOT; };
		6DAA3E2311556D160095F300 /* AudioToolbox.framework */ = {isa = PBXFileReference; lastKnownFileType = wrapper.framework; name = AudioToolbox.framework; path = System/Library/Frameworks/AudioToolbox.framework; sourceTree = SDKROOT; };
		6DAFF2B411CDCD56007CD1AA /* NoteManager.h */ = {isa = PBXFileReference; fileEncoding = 4; lastKnownFileType = sourcecode.c.h; name = NoteManager.h; path = ../src/NoteManager.h; sourceTree = SOURCE_ROOT; };
		6DAFF2B511CDCD56007CD1AA /* NoteManager.cpp */ = {isa = PBXFileReference; fileEncoding = 4; lastKnownFileType = sourcecode.cpp.cpp; name = NoteManager.cpp; path = ../src/NoteManager.cpp; sourceTree = SOURCE_ROOT; };
		6DAFF2C211CDD407007CD1AA /* Instrument.h */ = {isa = PBXFileReference; fileEncoding = 4; lastKnownFileType = sourcecode.c.h; path = Instrument.h; sourceTree = "<group>"; };
		6DC7CE4312ED05A400513240 /* TickRate.h */ = {isa = PBXFileReference; fileEncoding = 4; lastKnownFileType = sourcecode.c.h; path = TickRate.h; sourceTree = "<group>"; };
		6DC7CE4412ED05A400513240 /* TickRate.cpp */ = {isa = PBXFileReference; fileEncoding = 4; lastKnownFileType = sourcecode.cpp.cpp; path = TickRate.cpp; sourceTree = "<group>"; };
		6DCC14321145BC2500727A0A /* Frequency.h */ = {isa = PBXFileReference; fileEncoding = 4; lastKnownFileType = sourcecode.c.h; path = Frequency.h; sourceTree = "<group>"; };
		6DCC14331145BC2500727A0A /* Frequency.cpp */ = {isa = PBXFileReference; fileEncoding = 4; lastKnownFileType = sourcecode.cpp.cpp; path = Frequency.cpp; sourceTree = "<group>"; };
		6DCC14411145BE5F00727A0A /* Waveform.h */ = {isa = PBXFileReference; fileEncoding = 4; lastKnownFileType = sourcecode.c.h; path = Waveform.h; sourceTree = "<group>"; };
		6DCC14431145BF0A00727A0A /* Oscil.h */ = {isa = PBXFileReference; fileEncoding = 4; lastKnownFileType = sourcecode.c.h; path = Oscil.h; sourceTree = "<group>"; };
		6DCC14441145BF0A00727A0A /* Oscil.cpp */ = {isa = PBXFileReference; fileEncoding = 4; lastKnownFileType = sourcecode.cpp.cpp; path = Oscil.cpp; sourceTree = "<group>"; };
		6DCC146B1145C6E400727A0A /* Wavetable.h */ = {isa = PBXFileReference; fileEncoding = 4; lastKnownFileType = sourcecode.c.h; path = Wavetable.h; sourceTree = "<group>"; };
		6DCC146C1145C6E400727A0A /* Wavetable.cpp */ = {isa = PBXFileReference; fileEncoding = 4; lastKnownFileType = sourcecode.cpp.cpp; path = Wavetable.cpp; sourceTree = "<group>"; };
		6DCC148D1145CD4600727A0A /* Waves.h */ = {isa = PBXFileReference; fileEncoding = 4; lastKnownFileType = sourcecode.c.h; path = Waves.h; sourceTree = "<group>"; };
		6DCC148E1145CD4600727A0A /* Waves.cpp */ = {isa = PBXFileReference; fileEncoding = 4; lastKnownFileType = sourcecode.cpp.cpp; path = Waves.cpp; sourceTree = "<group>"; };
		6DE5002C129F61CB00BF2732 /* CAMath.h */ = {isa = PBXFileReference; fileEncoding = 4; lastKnownFileType = sourcecode.c.h; name = CAMath.h; path = ../src/mac/CAMath.h; sourceTree = SOURCE_ROOT; };
		6DE50030129F63DD00BF2732 /* FilePlayer.h */ = {isa = PBXFileReference; fileEncoding = 4; lastKnownFileType = sourcecode.c.h; path = FilePlayer.h; sourceTree = "<group>"; };
		6DE50031129F63DD00BF2732 /* FilePlayer.cpp */ = {isa = PBXFileReference; fileEncoding = 4; lastKnownFileType = sourcecode.cpp.cpp; path = FilePlayer.cpp; sourceTree = "<group>"; };
		6DE5FFDD129EE69E00BF2732 /* TouchAudioRecordingStream.h */ = {isa = PBXFileReference; fileEncoding = 4; lastKnownFileType = sourcecode.c.h; name = TouchAudioRecordingStream.h; path = ../src/mac/TouchAudioRecordingStream.h; sourceTree = SOURCE_ROOT; };
		6DE5FFF5129EF08300BF2732 /* TouchAudioRecordingStream.mm */ = {isa = PBXFileReference; fileEncoding = 4; lastKnownFileType = sourcecode.cpp.objcpp; name = TouchAudioRecordingStream.mm; path = ../src/mac/TouchAudioRecordingStream.mm; sourceTree = SOURCE_ROOT; };
		6DE5FFF8129F56EE00BF2732 /* CAStreamBasicDescription.cpp */ = {isa = PBXFileReference; fileEncoding = 4; lastKnownFileType = sourcecode.cpp.cpp; name = CAStreamBasicDescription.cpp; path = ../src/mac/CAStreamBasicDescription.cpp; sourceTree = SOURCE_ROOT; };
		6DE5FFF9129F56EE00BF2732 /* CAStreamBasicDescription.h */ = {isa = PBXFileReference; fileEncoding = 4; lastKnownFileType = sourcecode.c.h; name = CAStreamBasicDescription.h; path = ../src/mac/CAStreamBasicDescription.h; sourceTree = SOURCE_ROOT; };
		6DE5FFFE129F5E3C00BF2732 /* CADebugMacros.h */ = {isa = PBXFileReference; fileEncoding = 4; lastKnownFileType = sourcecode.c.h; name = CADebugMacros.h; path = ../src/mac/CADebugMacros.h; sourceTree = SOURCE_ROOT; };
		AA747D9E0F9514B9006C5449 /* MinimTouch_Prefix.pch */ = {isa = PBXFileReference; fileEncoding = 4; lastKnownFileType = sourcecode.c.h; path = MinimTouch_Prefix.pch; sourceTree = SOURCE_ROOT; };
		AACBBE490F95108600F1A2B1 /* Foundation.framework */ = {isa = PBXFileReference; lastKnownFileType = wrapper.framework; name = Foundation.framework; path = System/Library/Frameworks/Foundation.framework; sourceTree = SDKROOT; };
		D2AAC07E0554694100DB518D /* libMinimTouch.a */ = {isa = PBXFileReference; explicitFileType = archive.ar; includeInIndex = 0; path = libMinimTouch.a; sourceTree = BUILT_PRODUCTS_DIR; };
/* End PBXFileReference section */

/* Begin PBXFrameworksBuildPhase section */
		D2AAC07C0554694100DB518D /* Frameworks */ = {
			isa = PBXFrameworksBuildPhase;
			buildActionMask = 2147483647;
			files = (
				AACBBE4A0F95108600F1A2B1 /* Foundation.framework in Frameworks */,
				6DAA3DE71155699A0095F300 /* AudioUnit.framework in Frameworks */,
				6DAA3E2411556D160095F300 /* AudioToolbox.framework in Frameworks */,
			);
			runOnlyForDeploymentPostprocessing = 0;
		};
/* End PBXFrameworksBuildPhase section */

/* Begin PBXGroup section */
		034768DFFF38A50411DB9C8B /* Products */ = {
			isa = PBXGroup;
			children = (
				D2AAC07E0554694100DB518D /* libMinimTouch.a */,
			);
			name = Products;
			sourceTree = "<group>";
		};
		0867D691FE84028FC02AAC07 /* MinimTouch */ = {
			isa = PBXGroup;
			children = (
				08FB77AEFE84172EC02AAC07 /* Classes */,
				32C88DFF0371C24200C91783 /* Other Sources */,
				0867D69AFE84028FC02AAC07 /* Frameworks */,
				034768DFFF38A50411DB9C8B /* Products */,
			);
			name = MinimTouch;
			sourceTree = "<group>";
		};
		0867D69AFE84028FC02AAC07 /* Frameworks */ = {
			isa = PBXGroup;
			children = (
				AACBBE490F95108600F1A2B1 /* Foundation.framework */,
				6DAA3DE61155699A0095F300 /* AudioUnit.framework */,
				6DAA3E2311556D160095F300 /* AudioToolbox.framework */,
			);
			name = Frameworks;
			sourceTree = "<group>";
		};
		08FB77AEFE84172EC02AAC07 /* Classes */ = {
			isa = PBXGroup;
			children = (
				6D6A9B2C1143251F003B59BA /* implementation */,
				6D966059113F756E0096AB83 /* interfaces */,
				6D966064113F756E0096AB83 /* ugens */,
				6D966052113F756E0096AB83 /* AudioFormat.h */,
				6D966053113F756E0096AB83 /* AudioOutput.cpp */,
				6D966054113F756E0096AB83 /* AudioOutput.h */,
				6D966055113F756E0096AB83 /* AudioSource.cpp */,
				6D966056113F756E0096AB83 /* AudioSource.h */,
				6D966057113F756E0096AB83 /* AudioSystem.cpp */,
				6D966058113F756E0096AB83 /* AudioSystem.h */,
				6D966062113F756E0096AB83 /* MultiChannelBuffer.cpp */,
				6D966063113F756E0096AB83 /* MultiChannelBuffer.h */,
				6D8E21151165937B003ACAC5 /* CodeTimer.h */,
				6DAFF2B411CDCD56007CD1AA /* NoteManager.h */,
				6DAFF2B511CDCD56007CD1AA /* NoteManager.cpp */,
			);
			name = Classes;
			sourceTree = SOURCE_ROOT;
		};
		32C88DFF0371C24200C91783 /* Other Sources */ = {
			isa = PBXGroup;
			children = (
				AA747D9E0F9514B9006C5449 /* MinimTouch_Prefix.pch */,
			);
			name = "Other Sources";
			sourceTree = "<group>";
		};
		6D6A9B2C1143251F003B59BA /* implementation */ = {
			isa = PBXGroup;
			children = (
				6D946E0E13B57326007C4C85 /* CASampleRecorder.mm */,
				6D946E0F13B57326007C4C85 /* CASampleRecorder.h */,
				6DE5002C129F61CB00BF2732 /* CAMath.h */,
				6DE5FFFE129F5E3C00BF2732 /* CADebugMacros.h */,
				6DE5FFF8129F56EE00BF2732 /* CAStreamBasicDescription.cpp */,
				6DE5FFF9129F56EE00BF2732 /* CAStreamBasicDescription.h */,
				6D6A9B3511432ED9003B59BA /* TouchServiceProvider.h */,
				6D6A9B3611432ED9003B59BA /* TouchServiceProvider.mm */,
				6D82014911448761009404CA /* TouchAudioOut.h */,
				6D82014A11448761009404CA /* TouchAudioOut.mm */,
				6DE5FFDD129EE69E00BF2732 /* TouchAudioRecordingStream.h */,
				6DE5FFF5129EF08300BF2732 /* TouchAudioRecordingStream.mm */,
				6D91D15912A0481800B42F24 /* TouchAudioFormat.h */,
			);
			name = implementation;
			sourceTree = "<group>";
		};
		6D966059113F756E0096AB83 /* interfaces */ = {
			isa = PBXGroup;
			children = (
				6D96605A113F756E0096AB83 /* AudioListener.h */,
				6D96605B113F756E0096AB83 /* AudioMetaData.h */,
				6D96605C113F756E0096AB83 /* AudioOut.h */,
				6D96605D113F756E0096AB83 /* AudioRecordingStream.h */,
				6D96605E113F756E0096AB83 /* AudioResource.h */,
				6D96605F113F756E0096AB83 /* AudioStream.h */,
				6D966060113F756E0096AB83 /* SampleRecorder.h */,
				6D966061113F756E0096AB83 /* ServiceProvider.h */,
			);
			name = interfaces;
			path = ../src/interfaces;
			sourceTree = "<group>";
		};
		6D966064113F756E0096AB83 /* ugens */ = {
			isa = PBXGroup;
			children = (
				6D966065113F756E0096AB83 /* Summer.cpp */,
				6D966066113F756E0096AB83 /* Summer.h */,
				6D966067113F756E0096AB83 /* UGen.cpp */,
				6D966068113F756E0096AB83 /* UGen.h */,
				6D8201E511449A7F009404CA /* Noise.h */,
				6D8201E611449A7F009404CA /* Noise.cpp */,
				6DCC14321145BC2500727A0A /* Frequency.h */,
				6DCC14331145BC2500727A0A /* Frequency.cpp */,
				6DCC14411145BE5F00727A0A /* Waveform.h */,
				6DCC14431145BF0A00727A0A /* Oscil.h */,
				6DCC14441145BF0A00727A0A /* Oscil.cpp */,
				6DCC146B1145C6E400727A0A /* Wavetable.h */,
				6DCC146C1145C6E400727A0A /* Wavetable.cpp */,
				6DCC148D1145CD4600727A0A /* Waves.h */,
				6DCC148E1145CD4600727A0A /* Waves.cpp */,
				6DA3499F1151B697001B394C /* Multiplier.h */,
				6DA349A01151B697001B394C /* Multiplier.cpp */,
				6DAFF2C211CDD407007CD1AA /* Instrument.h */,
				6DE50030129F63DD00BF2732 /* FilePlayer.h */,
				6DE50031129F63DD00BF2732 /* FilePlayer.cpp */,
				6DC7CE4312ED05A400513240 /* TickRate.h */,
				6DC7CE4412ED05A400513240 /* TickRate.cpp */,
				6D33B3AF1307A280006EE9DD /* Waveshaper.h */,
				6D33B3B01307A280006EE9DD /* Waveshaper.cpp */,
				6D7F100D13ACFED000F63D98 /* Sampler.h */,
				6D7F100E13ACFED000F63D98 /* Sampler.cpp */,
				6D02C02813B39F1C0013601A /* Line.h */,
				6D02C02913B39F1C0013601A /* Line.cpp */,
			);
			name = ugens;
			path = ../src/ugens;
			sourceTree = SOURCE_ROOT;
		};
/* End PBXGroup section */

/* Begin PBXHeadersBuildPhase section */
		D2AAC07A0554694100DB518D /* Headers */ = {
			isa = PBXHeadersBuildPhase;
			buildActionMask = 2147483647;
			files = (
				AA747D9F0F9514B9006C5449 /* MinimTouch_Prefix.pch in Headers */,
				6D966069113F756E0096AB83 /* AudioFormat.h in Headers */,
				6D96606B113F756E0096AB83 /* AudioOutput.h in Headers */,
				6D96606D113F756E0096AB83 /* AudioSource.h in Headers */,
				6D96606F113F756E0096AB83 /* AudioSystem.h in Headers */,
				6D966070113F756E0096AB83 /* AudioListener.h in Headers */,
				6D966071113F756E0096AB83 /* AudioMetaData.h in Headers */,
				6D966072113F756E0096AB83 /* AudioOut.h in Headers */,
				6D966073113F756E0096AB83 /* AudioRecordingStream.h in Headers */,
				6D966074113F756E0096AB83 /* AudioResource.h in Headers */,
				6D966075113F756E0096AB83 /* AudioStream.h in Headers */,
				6D966076113F756E0096AB83 /* SampleRecorder.h in Headers */,
				6D966077113F756E0096AB83 /* ServiceProvider.h in Headers */,
				6D966079113F756E0096AB83 /* MultiChannelBuffer.h in Headers */,
				6D96607B113F756E0096AB83 /* Summer.h in Headers */,
				6D96607D113F756E0096AB83 /* UGen.h in Headers */,
				6D6A9B3711432ED9003B59BA /* TouchServiceProvider.h in Headers */,
				6D82014B11448761009404CA /* TouchAudioOut.h in Headers */,
				6D8201E711449A7F009404CA /* Noise.h in Headers */,
				6DCC14341145BC2500727A0A /* Frequency.h in Headers */,
				6DCC14421145BE5F00727A0A /* Waveform.h in Headers */,
				6DCC14451145BF0A00727A0A /* Oscil.h in Headers */,
				6DCC146D1145C6E400727A0A /* Wavetable.h in Headers */,
				6DCC148F1145CD4600727A0A /* Waves.h in Headers */,
				6DA349A11151B697001B394C /* Multiplier.h in Headers */,
				6D8E21161165937B003ACAC5 /* CodeTimer.h in Headers */,
				6DAFF2B611CDCD56007CD1AA /* NoteManager.h in Headers */,
				6DAFF2C311CDD407007CD1AA /* Instrument.h in Headers */,
				6DE5FFDE129EE69E00BF2732 /* TouchAudioRecordingStream.h in Headers */,
				6DE5FFFB129F56EE00BF2732 /* CAStreamBasicDescription.h in Headers */,
				6DE5FFFF129F5E3C00BF2732 /* CADebugMacros.h in Headers */,
				6DE5002D129F61CB00BF2732 /* CAMath.h in Headers */,
				6DE50032129F63DD00BF2732 /* FilePlayer.h in Headers */,
				6D91D15A12A0481800B42F24 /* TouchAudioFormat.h in Headers */,
				6DC7CE4512ED05A400513240 /* TickRate.h in Headers */,
				6D33B3B11307A280006EE9DD /* Waveshaper.h in Headers */,
				6D7F100F13ACFED000F63D98 /* Sampler.h in Headers */,
				6D02C02A13B39F1C0013601A /* Line.h in Headers */,
				6D946E1113B57326007C4C85 /* CASampleRecorder.h in Headers */,
			);
			runOnlyForDeploymentPostprocessing = 0;
		};
/* End PBXHeadersBuildPhase section */

/* Begin PBXNativeTarget section */
		D2AAC07D0554694100DB518D /* MinimTouch */ = {
			isa = PBXNativeTarget;
			buildConfigurationList = 1DEB921E08733DC00010E9CD /* Build configuration list for PBXNativeTarget "MinimTouch" */;
			buildPhases = (
				D2AAC07A0554694100DB518D /* Headers */,
				D2AAC07B0554694100DB518D /* Sources */,
				D2AAC07C0554694100DB518D /* Frameworks */,
			);
			buildRules = (
			);
			dependencies = (
			);
			name = MinimTouch;
			productName = MinimTouch;
			productReference = D2AAC07E0554694100DB518D /* libMinimTouch.a */;
			productType = "com.apple.product-type.library.static";
		};
/* End PBXNativeTarget section */

/* Begin PBXProject section */
		0867D690FE84028FC02AAC07 /* Project object */ = {
			isa = PBXProject;
			buildConfigurationList = 1DEB922208733DC00010E9CD /* Build configuration list for PBXProject "MinimTouch" */;
			compatibilityVersion = "Xcode 3.1";
			developmentRegion = English;
			hasScannedForEncodings = 1;
			knownRegions = (
				English,
				Japanese,
				French,
				German,
			);
			mainGroup = 0867D691FE84028FC02AAC07 /* MinimTouch */;
			productRefGroup = 034768DFFF38A50411DB9C8B /* Products */;
			projectDirPath = "";
			projectRoot = "";
			targets = (
				D2AAC07D0554694100DB518D /* MinimTouch */,
			);
		};
/* End PBXProject section */

/* Begin PBXSourcesBuildPhase section */
		D2AAC07B0554694100DB518D /* Sources */ = {
			isa = PBXSourcesBuildPhase;
			buildActionMask = 2147483647;
			files = (
				6D96606A113F756E0096AB83 /* AudioOutput.cpp in Sources */,
				6D96606C113F756E0096AB83 /* AudioSource.cpp in Sources */,
				6D96606E113F756E0096AB83 /* AudioSystem.cpp in Sources */,
				6D966078113F756E0096AB83 /* MultiChannelBuffer.cpp in Sources */,
				6D96607A113F756E0096AB83 /* Summer.cpp in Sources */,
				6D96607C113F756E0096AB83 /* UGen.cpp in Sources */,
				6D6A9B3811432ED9003B59BA /* TouchServiceProvider.mm in Sources */,
				6D82014C11448761009404CA /* TouchAudioOut.mm in Sources */,
				6D8201E811449A7F009404CA /* Noise.cpp in Sources */,
				6DCC14351145BC2500727A0A /* Frequency.cpp in Sources */,
				6DCC14461145BF0A00727A0A /* Oscil.cpp in Sources */,
				6DCC146E1145C6E400727A0A /* Wavetable.cpp in Sources */,
				6DCC14901145CD4600727A0A /* Waves.cpp in Sources */,
				6DA349A21151B697001B394C /* Multiplier.cpp in Sources */,
				6DAFF2B711CDCD56007CD1AA /* NoteManager.cpp in Sources */,
				6DE5FFF6129EF08300BF2732 /* TouchAudioRecordingStream.mm in Sources */,
				6DE5FFFA129F56EE00BF2732 /* CAStreamBasicDescription.cpp in Sources */,
				6DE50033129F63DD00BF2732 /* FilePlayer.cpp in Sources */,
				6DC7CE4612ED05A400513240 /* TickRate.cpp in Sources */,
				6D33B3B21307A280006EE9DD /* Waveshaper.cpp in Sources */,
				6D7F101013ACFED000F63D98 /* Sampler.cpp in Sources */,
				6D02C02B13B39F1C0013601A /* Line.cpp in Sources */,
				6D946E1013B57326007C4C85 /* CASampleRecorder.mm in Sources */,
			);
			runOnlyForDeploymentPostprocessing = 0;
		};
/* End PBXSourcesBuildPhase section */

/* Begin XCBuildConfiguration section */
		1DEB921F08733DC00010E9CD /* Debug */ = {
			isa = XCBuildConfiguration;
			buildSettings = {
				ALWAYS_SEARCH_USER_PATHS = YES;
				ARCHS = "$(ARCHS_STANDARD_32_BIT)";
				CODE_SIGN_IDENTITY = "iPhone Distribution: Damien Di Fede";
				COPY_PHASE_STRIP = NO;
				DSTROOT = /tmp/MinimTouch.dst;
				GCC_DYNAMIC_NO_PIC = NO;
				GCC_ENABLE_FIX_AND_CONTINUE = YES;
				GCC_MODEL_TUNING = G5;
				GCC_OPTIMIZATION_LEVEL = 0;
				GCC_PRECOMPILE_PREFIX_HEADER = YES;
				GCC_PREFIX_HEADER = MinimTouch_Prefix.pch;
				GCC_SYMBOLS_PRIVATE_EXTERN = YES;
				GCC_VERSION = 4.2;
				GENERATE_PROFILING_CODE = YES;
				INSTALL_PATH = /usr/local/lib;
				IPHONEOS_DEPLOYMENT_TARGET = 2.0;
				ONLY_ACTIVE_ARCH = NO;
				PRODUCT_NAME = MinimTouch;
				PROVISIONING_PROFILE = "B9524F6B-3E36-4D3D-B3BC-3BB6781F5CB9";
				SDKROOT = iphoneos;
				USER_HEADER_SEARCH_PATHS = "";
			};
			name = Debug;
		};
		1DEB922008733DC00010E9CD /* Release */ = {
			isa = XCBuildConfiguration;
			buildSettings = {
				ALWAYS_SEARCH_USER_PATHS = NO;
				ARCHS = "$(ARCHS_STANDARD_32_BIT)";
				CODE_SIGN_IDENTITY = "iPhone Distribution: Damien Di Fede";
				DSTROOT = /tmp/MinimTouch.dst;
				GCC_MODEL_TUNING = G5;
				GCC_PRECOMPILE_PREFIX_HEADER = YES;
				GCC_PREFIX_HEADER = MinimTouch_Prefix.pch;
				GCC_SYMBOLS_PRIVATE_EXTERN = YES;
				GCC_VERSION = 4.2;
				INSTALL_PATH = /usr/local/lib;
				IPHONEOS_DEPLOYMENT_TARGET = 2.0;
				ONLY_ACTIVE_ARCH = NO;
				PRODUCT_NAME = MinimTouch;
				PROVISIONING_PROFILE = "B9524F6B-3E36-4D3D-B3BC-3BB6781F5CB9";
				SDKROOT = iphoneos;
			};
			name = Release;
		};
		1DEB922308733DC00010E9CD /* Debug */ = {
			isa = XCBuildConfiguration;
			buildSettings = {
				ARCHS = "$(ARCHS_STANDARD_32_BIT)";
				CODE_SIGN_IDENTITY = "iPhone Distribution: Damien Di Fede";
				GCC_C_LANGUAGE_STANDARD = c99;
				GCC_OPTIMIZATION_LEVEL = 0;
				GCC_SYMBOLS_PRIVATE_EXTERN = YES;
				GCC_VERSION = "";
				GCC_WARN_ABOUT_RETURN_TYPE = YES;
				GCC_WARN_UNUSED_VARIABLE = YES;
				HEADER_SEARCH_PATHS = "$(SRCROOT)/src/**";
				IPHONEOS_DEPLOYMENT_TARGET = 2.0;
				ONLY_ACTIVE_ARCH = YES;
				OTHER_LDFLAGS = "-ObjC";
				PREBINDING = NO;
				PROVISIONING_PROFILE = "B9524F6B-3E36-4D3D-B3BC-3BB6781F5CB9";
				SDKROOT = iphoneos4.0;
				USER_HEADER_SEARCH_PATHS = "";
			};
			name = Debug;
		};
		1DEB922408733DC00010E9CD /* Release */ = {
			isa = XCBuildConfiguration;
			buildSettings = {
				ARCHS = "$(ARCHS_STANDARD_32_BIT)";
				CODE_SIGN_IDENTITY = "iPhone Distribution: Damien Di Fede";
				GCC_C_LANGUAGE_STANDARD = c99;
				GCC_OPTIMIZATION_LEVEL = 3;
				GCC_SYMBOLS_PRIVATE_EXTERN = YES;
				GCC_VERSION = "";
				GCC_WARN_ABOUT_RETURN_TYPE = YES;
				GCC_WARN_UNUSED_VARIABLE = YES;
				HEADER_SEARCH_PATHS = "$(SRCROOT)/src/**";
				IPHONEOS_DEPLOYMENT_TARGET = 2.0;
				ONLY_ACTIVE_ARCH = YES;
				OTHER_LDFLAGS = "-ObjC";
				PREBINDING = NO;
				PROVISIONING_PROFILE = "B9524F6B-3E36-4D3D-B3BC-3BB6781F5CB9";
				SDKROOT = iphoneos4.0;
				USER_HEADER_SEARCH_PATHS = "";
			};
			name = Release;
		};
/* End XCBuildConfiguration section */

/* Begin XCConfigurationList section */
		1DEB921E08733DC00010E9CD /* Build configuration list for PBXNativeTarget "MinimTouch" */ = {
			isa = XCConfigurationList;
			buildConfigurations = (
				1DEB921F08733DC00010E9CD /* Debug */,
				1DEB922008733DC00010E9CD /* Release */,
			);
			defaultConfigurationIsVisible = 0;
			defaultConfigurationName = Release;
		};
		1DEB922208733DC00010E9CD /* Build configuration list for PBXProject "MinimTouch" */ = {
			isa = XCConfigurationList;
			buildConfigurations = (
				1DEB922308733DC00010E9CD /* Debug */,
				1DEB922408733DC00010E9CD /* Release */,
			);
			defaultConfigurationIsVisible = 0;
			defaultConfigurationName = Release;
		};
/* End XCConfigurationList section */
	};
	rootObject = 0867D690FE84028FC02AAC07 /* Project object */;
}
