
Microsoft Visual Studio Solution File, Format Version 10.00
# Visual C++ Express 2008
Project("{8BC9CEB8-8B4A-11D0-8D11-00A0C91BC942}") = "Minim", "Minim.vcproj", "{7DDE988F-0D7D-4612-8E63-62535511F0F4}"
EndProject
Global
	GlobalSection(SolutionConfigurationPlatforms) = preSolution
		Debug|Win32 = Debug|Win32
		Release|Win32 = Release|Win32
	EndGlobalSection
	GlobalSection(ProjectConfigurationPlatforms) = postSolution
		{7DDE988F-0D7D-4612-8E63-62535511F0F4}.Debug|Win32.ActiveCfg = Debug|Win32
		{7DDE988F-0D7D-4612-8E63-62535511F0F4}.Debug|Win32.Build.0 = Debug|Win32
		{7DDE988F-0D7D-4612-8E63-62535511F0F4}.Release|Win32.ActiveCfg = Release|Win32
		{7DDE988F-0D7D-4612-8E63-62535511F0F4}.Release|Win32.Build.0 = Release|Win32
	EndGlobalSection
	GlobalSection(SolutionProperties) = preSolution
		HideSolutionNode = FALSE
	EndGlobalSection
EndGlobal
